{
  "name": "Poulette",
  "version": "1.0.0",
  "lockfileVersion": 1,
  "requires": true,
  "dependencies": {
    "esbuild": {
      "version": "0.9.0",
      "resolved": "https://registry.npmjs.org/esbuild/-/esbuild-0.9.0.tgz",
      "integrity": "sha512-IqYFO7ZKHf0y4uJpJfGqInmSRn8jMPMbyI1W0Y2PSjSjJcVP538tC8TleJAS4Y8QeqwajqBTwFKayWVzYlMIgg=="
    }
  }
}
