{
  "name": "Poulette",
  "version": "1.0.0",
  "lockfileVersion": 1,
  "requires": true,
  "dependencies": {
    "esbuild": {
      "version": "0.9.4",
      "resolved": "https://registry.npmjs.org/esbuild/-/esbuild-0.9.4.tgz",
      "integrity": "sha512-bF6laCiYE5+iAfZsX+v6Lwvi5QbvKN3tThxDIR2WLyLYzTzNn0ijdpqkvTVsafmRZjic2Nq1nkSf5RSWySDTjA==",
      "dev": true
    }
  }
}
